{
  "version": 4,
  "terraform_version": "1.14.6",
  "serial": 103,
  "lineage": "4d72d86f-bb0a-4c1c-cb18-bcdd39575198",
  "outputs": {},
  "resources": [
    {
      "module": "module.ecr",
      "mode": "managed",
      "type": "aws_ecr_repository",
      "name": "this",
      "provider": "provider[\"registry.terraform.io/hashicorp/aws\"]",
      "instances": [
        {
          "schema_version": 0,
          "attributes": {
            "arn": "arn:aws:ecr:eu-west-3:395546909534:repository/mi-ecr-de-prueba",
            "encryption_configuration": [
              {
                "encryption_type": "AES256",
                "kms_key": ""
              }
            ],
            "force_delete": null,
            "id": "mi-ecr-de-prueba",
            "image_scanning_configuration": [
              {
                "scan_on_push": true
              }
            ],
            "image_tag_mutability": "MUTABLE",
            "image_tag_mutability_exclusion_filter": [],
            "name": "mi-ecr-de-prueba",
            "region": "eu-west-3",
            "registry_id": "395546909534",
            "repository_url": "395546909534.dkr.ecr.eu-west-3.amazonaws.com/mi-ecr-de-prueba",
            "tags": {},
            "tags_all": {},
            "timeouts": null
          },
          "sensitive_attributes": [],
          "identity_schema_version": 0,
          "identity": {
            "account_id": "395546909534",
            "name": "mi-ecr-de-prueba",
            "region": "eu-west-3"
          },
          "private": "eyJlMmJmYjczMC1lY2FhLTExZTYtOGY4OC0zNDM2M2JjN2M0YzAiOnsiZGVsZXRlIjoxMjAwMDAwMDAwMDAwfX0="
        }
      ]
    },
    {
      "module": "module.route53",
      "mode": "managed",
      "type": "aws_route53_zone",
      "name": "public_zone",
      "provider": "provider[\"registry.terraform.io/hashicorp/aws\"]",
      "instances": [
        {
          "schema_version": 0,
          "attributes": {
            "arn": "arn:aws:route53:::hostedzone/Z0143703P4FM6AHBR3FL",
            "comment": "Managed by Terraform",
            "delegation_set_id": "",
            "enable_accelerated_recovery": false,
            "force_destroy": false,
            "id": "Z0143703P4FM6AHBR3FL",
            "name": "abdo-devops.com",
            "name_servers": [
              "ns-1232.awsdns-26.org",
              "ns-2000.awsdns-58.co.uk",
              "ns-403.awsdns-50.com",
              "ns-918.awsdns-50.net"
            ],
            "primary_name_server": "ns-918.awsdns-50.net",
            "tags": {
              "Environment": "dev",
              "Project": "prueba-it"
            },
            "tags_all": {
              "Environment": "dev",
              "Project": "prueba-it"
            },
            "timeouts": null,
            "vpc": [],
            "zone_id": "Z0143703P4FM6AHBR3FL"
          },
          "sensitive_attributes": [],
          "identity_schema_version": 0,
          "private": "eyJlMmJmYjczMC1lY2FhLTExZTYtOGY4OC0zNDM2M2JjN2M0YzAiOnsiY3JlYXRlIjoxODAwMDAwMDAwMDAwLCJkZWxldGUiOjE4MDAwMDAwMDAwMDAsInVwZGF0ZSI6MTgwMDAwMDAwMDAwMH19"
        }
      ]
    }
  ],
  "check_results": null
}
